// !$*UTF8*$!
{
	archiveVersion = 1;
	classes = {
	};
	objectVersion = 46;
	objects = {

/* Begin PBXBuildFile section */
		4B4573E41504C1A2002BDEB4 /* Cocoa.framework in Frameworks */ = {isa = PBXBuildFile; fileRef = 4B4573E31504C1A2002BDEB4 /* Cocoa.framework */; };
		4B4573EE1504C1A2002BDEB4 /* InfoPlist.strings in Resources */ = {isa = PBXBuildFile; fileRef = 4B4573EC1504C1A2002BDEB4 /* InfoPlist.strings */; };
		4B4573F01504C1A2002BDEB4 /* main.m in Sources */ = {isa = PBXBuildFile; fileRef = 4B4573EF1504C1A2002BDEB4 /* main.m */; };
		4B4573F41504C1A2002BDEB4 /* Credits.rtf in Resources */ = {isa = PBXBuildFile; fileRef = 4B4573F21504C1A2002BDEB4 /* Credits.rtf */; };
		4B4573F71504C1A2002BDEB4 /* ALAppDelegate.m in Sources */ = {isa = PBXBuildFile; fileRef = 4B4573F61504C1A2002BDEB4 /* ALAppDelegate.m */; };
		4B4573FA1504C1A3002BDEB4 /* MainMenu.xib in Resources */ = {isa = PBXBuildFile; fileRef = 4B4573F81504C1A3002BDEB4 /* MainMenu.xib */; };
		4B4574021504C1A3002BDEB4 /* SenTestingKit.framework in Frameworks */ = {isa = PBXBuildFile; fileRef = 4B4574011504C1A3002BDEB4 /* SenTestingKit.framework */; };
		4B4574031504C1A3002BDEB4 /* Cocoa.framework in Frameworks */ = {isa = PBXBuildFile; fileRef = 4B4573E31504C1A2002BDEB4 /* Cocoa.framework */; };
		4B45740B1504C1A3002BDEB4 /* InfoPlist.strings in Resources */ = {isa = PBXBuildFile; fileRef = 4B4574091504C1A3002BDEB4 /* InfoPlist.strings */; };
		4B45740E1504C1A3002BDEB4 /* ScreenGridsTests.m in Sources */ = {isa = PBXBuildFile; fileRef = 4B45740D1504C1A3002BDEB4 /* ScreenGridsTests.m */; };
		4B72E622153305FB00A8E1B5 /* DataComputing.m in Sources */ = {isa = PBXBuildFile; fileRef = 4B72E621153305FB00A8E1B5 /* DataComputing.m */; };
		4B94837E152EA6030051DC12 /* SGMenuViewController.m in Sources */ = {isa = PBXBuildFile; fileRef = 4B94837C152EA6030051DC12 /* SGMenuViewController.m */; };
		4B94837F152EA6030051DC12 /* SGMenuViewController.xib in Resources */ = {isa = PBXBuildFile; fileRef = 4B94837D152EA6030051DC12 /* SGMenuViewController.xib */; };
		4B948382152EAE5F0051DC12 /* StatusBar.png in Resources */ = {isa = PBXBuildFile; fileRef = 4B948381152EAE5F0051DC12 /* StatusBar.png */; };
		4BE0C6E11535336D00DB84D6 /* SGBackgroundViewController.m in Sources */ = {isa = PBXBuildFile; fileRef = 4BE0C6DF1535336D00DB84D6 /* SGBackgroundViewController.m */; };
		4BE0C6E21535336D00DB84D6 /* SGBackgroundViewController.xib in Resources */ = {isa = PBXBuildFile; fileRef = 4BE0C6E01535336D00DB84D6 /* SGBackgroundViewController.xib */; };
		4BE0C6E7153533A400DB84D6 /* SGPreferencesViewController.m in Sources */ = {isa = PBXBuildFile; fileRef = 4BE0C6E5153533A400DB84D6 /* SGPreferencesViewController.m */; };
		4BE0C6E8153533A400DB84D6 /* SGPreferencesViewController.xib in Resources */ = {isa = PBXBuildFile; fileRef = 4BE0C6E6153533A400DB84D6 /* SGPreferencesViewController.xib */; };
		4BFAB6681532B441008042BB /* Statusbar_alternate.png in Resources */ = {isa = PBXBuildFile; fileRef = 4BFAB6671532B441008042BB /* Statusbar_alternate.png */; };
/* End PBXBuildFile section */

/* Begin PBXContainerItemProxy section */
		4B4574041504C1A3002BDEB4 /* PBXContainerItemProxy */ = {
			isa = PBXContainerItemProxy;
			containerPortal = 4B4573D61504C1A2002BDEB4 /* Project object */;
			proxyType = 1;
			remoteGlobalIDString = 4B4573DE1504C1A2002BDEB4;
			remoteInfo = ScreenGrids;
		};
		4B693C421535D84C003DFB4E /* PBXContainerItemProxy */ = {
			isa = PBXContainerItemProxy;
			containerPortal = 4B693C391535D84C003DFB4E /* ShortcutRecorder.xcodeproj */;
			proxyType = 2;
			remoteGlobalIDString = 939837800DA42965007F53F3;
			remoteInfo = ShortcutRecorder.framework;
		};
		4B693C441535D84C003DFB4E /* PBXContainerItemProxy */ = {
			isa = PBXContainerItemProxy;
			containerPortal = 4B693C391535D84C003DFB4E /* ShortcutRecorder.xcodeproj */;
			proxyType = 2;
			remoteGlobalIDString = 93983B220DA43C4E007F53F3;
			remoteInfo = ShortcutRecorder_Tester;
		};
/* End PBXContainerItemProxy section */

/* Begin PBXFileReference section */
		4B4573DF1504C1A2002BDEB4 /* ScreenGrids.app */ = {isa = PBXFileReference; explicitFileType = wrapper.application; includeInIndex = 0; path = ScreenGrids.app; sourceTree = BUILT_PRODUCTS_DIR; };
		4B4573E31504C1A2002BDEB4 /* Cocoa.framework */ = {isa = PBXFileReference; lastKnownFileType = wrapper.framework; name = Cocoa.framework; path = System/Library/Frameworks/Cocoa.framework; sourceTree = SDKROOT; };
		4B4573E61504C1A2002BDEB4 /* AppKit.framework */ = {isa = PBXFileReference; lastKnownFileType = wrapper.framework; name = AppKit.framework; path = System/Library/Frameworks/AppKit.framework; sourceTree = SDKROOT; };
		4B4573E71504C1A2002BDEB4 /* CoreData.framework */ = {isa = PBXFileReference; lastKnownFileType = wrapper.framework; name = CoreData.framework; path = System/Library/Frameworks/CoreData.framework; sourceTree = SDKROOT; };
		4B4573E81504C1A2002BDEB4 /* Foundation.framework */ = {isa = PBXFileReference; lastKnownFileType = wrapper.framework; name = Foundation.framework; path = System/Library/Frameworks/Foundation.framework; sourceTree = SDKROOT; };
		4B4573EB1504C1A2002BDEB4 /* ScreenGrids-Info.plist */ = {isa = PBXFileReference; lastKnownFileType = text.plist.xml; path = "ScreenGrids-Info.plist"; sourceTree = "<group>"; };
		4B4573ED1504C1A2002BDEB4 /* en */ = {isa = PBXFileReference; lastKnownFileType = text.plist.strings; name = en; path = en.lproj/InfoPlist.strings; sourceTree = "<group>"; };
		4B4573EF1504C1A2002BDEB4 /* main.m */ = {isa = PBXFileReference; lastKnownFileType = sourcecode.c.objc; path = main.m; sourceTree = "<group>"; };
		4B4573F11504C1A2002BDEB4 /* ScreenGrids-Prefix.pch */ = {isa = PBXFileReference; lastKnownFileType = sourcecode.c.h; path = "ScreenGrids-Prefix.pch"; sourceTree = "<group>"; };
		4B4573F31504C1A2002BDEB4 /* en */ = {isa = PBXFileReference; lastKnownFileType = text.rtf; name = en; path = en.lproj/Credits.rtf; sourceTree = "<group>"; };
		4B4573F51504C1A2002BDEB4 /* ALAppDelegate.h */ = {isa = PBXFileReference; lastKnownFileType = sourcecode.c.h; path = ALAppDelegate.h; sourceTree = "<group>"; };
		4B4573F61504C1A2002BDEB4 /* ALAppDelegate.m */ = {isa = PBXFileReference; lastKnownFileType = sourcecode.c.objc; path = ALAppDelegate.m; sourceTree = "<group>"; };
		4B4573F91504C1A3002BDEB4 /* en */ = {isa = PBXFileReference; lastKnownFileType = file.xib; name = en; path = en.lproj/MainMenu.xib; sourceTree = "<group>"; };
		4B4574001504C1A3002BDEB4 /* ScreenGridsTests.octest */ = {isa = PBXFileReference; explicitFileType = wrapper.cfbundle; includeInIndex = 0; path = ScreenGridsTests.octest; sourceTree = BUILT_PRODUCTS_DIR; };
		4B4574011504C1A3002BDEB4 /* SenTestingKit.framework */ = {isa = PBXFileReference; lastKnownFileType = wrapper.framework; name = SenTestingKit.framework; path = Library/Frameworks/SenTestingKit.framework; sourceTree = DEVELOPER_DIR; };
		4B4574081504C1A3002BDEB4 /* ScreenGridsTests-Info.plist */ = {isa = PBXFileReference; lastKnownFileType = text.plist.xml; path = "ScreenGridsTests-Info.plist"; sourceTree = "<group>"; };
		4B45740A1504C1A3002BDEB4 /* en */ = {isa = PBXFileReference; lastKnownFileType = text.plist.strings; name = en; path = en.lproj/InfoPlist.strings; sourceTree = "<group>"; };
		4B45740C1504C1A3002BDEB4 /* ScreenGridsTests.h */ = {isa = PBXFileReference; lastKnownFileType = sourcecode.c.h; path = ScreenGridsTests.h; sourceTree = "<group>"; };
		4B45740D1504C1A3002BDEB4 /* ScreenGridsTests.m */ = {isa = PBXFileReference; lastKnownFileType = sourcecode.c.objc; path = ScreenGridsTests.m; sourceTree = "<group>"; };
		4B693C391535D84C003DFB4E /* ShortcutRecorder.xcodeproj */ = {isa = PBXFileReference; lastKnownFileType = "wrapper.pb-project"; name = ShortcutRecorder.xcodeproj; path = ShortcutRecorder/ShortcutRecorder.xcodeproj; sourceTree = "<group>"; };
		4B693C4D1535D896003DFB4E /* SRCommon.h */ = {isa = PBXFileReference; fileEncoding = 4; lastKnownFileType = sourcecode.c.h; name = SRCommon.h; path = ShortcutRecorder/Framework/Source/SRCommon.h; sourceTree = "<group>"; };
		4B693C4E1535D896003DFB4E /* SRKeyCodeTransformer.h */ = {isa = PBXFileReference; fileEncoding = 4; lastKnownFileType = sourcecode.c.h; name = SRKeyCodeTransformer.h; path = ShortcutRecorder/Framework/Source/SRKeyCodeTransformer.h; sourceTree = "<group>"; };
		4B693C4F1535D896003DFB4E /* SRRecorderCell.h */ = {isa = PBXFileReference; fileEncoding = 4; lastKnownFileType = sourcecode.c.h; name = SRRecorderCell.h; path = ShortcutRecorder/Framework/Source/SRRecorderCell.h; sourceTree = "<group>"; };
		4B693C501535D896003DFB4E /* SRRecorderControl.h */ = {isa = PBXFileReference; fileEncoding = 4; lastKnownFileType = sourcecode.c.h; name = SRRecorderControl.h; path = ShortcutRecorder/Framework/Source/SRRecorderControl.h; sourceTree = "<group>"; };
		4B693C511535D896003DFB4E /* SRValidator.h */ = {isa = PBXFileReference; fileEncoding = 4; lastKnownFileType = sourcecode.c.h; name = SRValidator.h; path = ShortcutRecorder/Framework/Source/SRValidator.h; sourceTree = "<group>"; };
		4B72E620153305FB00A8E1B5 /* DataComputing.h */ = {isa = PBXFileReference; fileEncoding = 4; lastKnownFileType = sourcecode.c.h; path = DataComputing.h; sourceTree = "<group>"; };
		4B72E621153305FB00A8E1B5 /* DataComputing.m */ = {isa = PBXFileReference; fileEncoding = 4; lastKnownFileType = sourcecode.c.objc; path = DataComputing.m; sourceTree = "<group>"; };
		4B94837B152EA6030051DC12 /* SGMenuViewController.h */ = {isa = PBXFileReference; fileEncoding = 4; lastKnownFileType = sourcecode.c.h; path = SGMenuViewController.h; sourceTree = "<group>"; };
		4B94837C152EA6030051DC12 /* SGMenuViewController.m */ = {isa = PBXFileReference; fileEncoding = 4; lastKnownFileType = sourcecode.c.objc; path = SGMenuViewController.m; sourceTree = "<group>"; };
		4B94837D152EA6030051DC12 /* SGMenuViewController.xib */ = {isa = PBXFileReference; fileEncoding = 4; lastKnownFileType = file.xib; path = SGMenuViewController.xib; sourceTree = "<group>"; };
		4B948381152EAE5F0051DC12 /* StatusBar.png */ = {isa = PBXFileReference; lastKnownFileType = image.png; name = StatusBar.png; path = Resource/StatusBar.png; sourceTree = "<group>"; };
		4BE0C6DE1535336D00DB84D6 /* SGBackgroundViewController.h */ = {isa = PBXFileReference; fileEncoding = 4; lastKnownFileType = sourcecode.c.h; path = SGBackgroundViewController.h; sourceTree = "<group>"; };
		4BE0C6DF1535336D00DB84D6 /* SGBackgroundViewController.m */ = {isa = PBXFileReference; fileEncoding = 4; lastKnownFileType = sourcecode.c.objc; path = SGBackgroundViewController.m; sourceTree = "<group>"; };
		4BE0C6E01535336D00DB84D6 /* SGBackgroundViewController.xib */ = {isa = PBXFileReference; fileEncoding = 4; lastKnownFileType = file.xib; path = SGBackgroundViewController.xib; sourceTree = "<group>"; };
		4BE0C6E4153533A400DB84D6 /* SGPreferencesViewController.h */ = {isa = PBXFileReference; fileEncoding = 4; lastKnownFileType = sourcecode.c.h; path = SGPreferencesViewController.h; sourceTree = "<group>"; };
		4BE0C6E5153533A400DB84D6 /* SGPreferencesViewController.m */ = {isa = PBXFileReference; fileEncoding = 4; lastKnownFileType = sourcecode.c.objc; path = SGPreferencesViewController.m; sourceTree = "<group>"; };
		4BE0C6E6153533A400DB84D6 /* SGPreferencesViewController.xib */ = {isa = PBXFileReference; fileEncoding = 4; lastKnownFileType = file.xib; path = SGPreferencesViewController.xib; sourceTree = "<group>"; };
		4BFAB6671532B441008042BB /* Statusbar_alternate.png */ = {isa = PBXFileReference; lastKnownFileType = image.png; name = Statusbar_alternate.png; path = Resource/Statusbar_alternate.png; sourceTree = "<group>"; };
/* End PBXFileReference section */

/* Begin PBXFrameworksBuildPhase section */
		4B4573DC1504C1A2002BDEB4 /* Frameworks */ = {
			isa = PBXFrameworksBuildPhase;
			buildActionMask = 2147483647;
			files = (
				4B4573E41504C1A2002BDEB4 /* Cocoa.framework in Frameworks */,
			);
			runOnlyForDeploymentPostprocessing = 0;
		};
		4B4573FC1504C1A3002BDEB4 /* Frameworks */ = {
			isa = PBXFrameworksBuildPhase;
			buildActionMask = 2147483647;
			files = (
				4B4574021504C1A3002BDEB4 /* SenTestingKit.framework in Frameworks */,
				4B4574031504C1A3002BDEB4 /* Cocoa.framework in Frameworks */,
			);
			runOnlyForDeploymentPostprocessing = 0;
		};
/* End PBXFrameworksBuildPhase section */

/* Begin PBXGroup section */
		4B4573D41504C1A2002BDEB4 = {
			isa = PBXGroup;
			children = (
				4B4573E91504C1A2002BDEB4 /* ScreenGrids */,
				4B4574061504C1A3002BDEB4 /* ScreenGridsTests */,
				4B4573E21504C1A2002BDEB4 /* Frameworks */,
				4B4573E01504C1A2002BDEB4 /* Products */,
			);
			sourceTree = "<group>";
		};
		4B4573E01504C1A2002BDEB4 /* Products */ = {
			isa = PBXGroup;
			children = (
				4B4573DF1504C1A2002BDEB4 /* ScreenGrids.app */,
				4B4574001504C1A3002BDEB4 /* ScreenGridsTests.octest */,
			);
			name = Products;
			sourceTree = "<group>";
		};
		4B4573E21504C1A2002BDEB4 /* Frameworks */ = {
			isa = PBXGroup;
			children = (
				4B4573E31504C1A2002BDEB4 /* Cocoa.framework */,
				4B4574011504C1A3002BDEB4 /* SenTestingKit.framework */,
				4B4573E51504C1A2002BDEB4 /* Other Frameworks */,
			);
			name = Frameworks;
			sourceTree = "<group>";
		};
		4B4573E51504C1A2002BDEB4 /* Other Frameworks */ = {
			isa = PBXGroup;
			children = (
				4B4573E61504C1A2002BDEB4 /* AppKit.framework */,
				4B4573E71504C1A2002BDEB4 /* CoreData.framework */,
				4B4573E81504C1A2002BDEB4 /* Foundation.framework */,
			);
			name = "Other Frameworks";
			sourceTree = "<group>";
		};
		4B4573E91504C1A2002BDEB4 /* ScreenGrids */ = {
			isa = PBXGroup;
			children = (
				4B4573F51504C1A2002BDEB4 /* ALAppDelegate.h */,
				4B4573F61504C1A2002BDEB4 /* ALAppDelegate.m */,
				4B4573F81504C1A3002BDEB4 /* MainMenu.xib */,
				4B693C381535D808003DFB4E /* Lib */,
				4B948377152EA5110051DC12 /* UI */,
				4B72E6241533061200A8E1B5 /* Logic */,
				4B948380152EAE040051DC12 /* Resource */,
				4B4573EA1504C1A2002BDEB4 /* Supporting Files */,
			);
			path = ScreenGrids;
			sourceTree = "<group>";
		};
		4B4573EA1504C1A2002BDEB4 /* Supporting Files */ = {
			isa = PBXGroup;
			children = (
				4B4573EB1504C1A2002BDEB4 /* ScreenGrids-Info.plist */,
				4B4573EC1504C1A2002BDEB4 /* InfoPlist.strings */,
				4B4573EF1504C1A2002BDEB4 /* main.m */,
				4B4573F11504C1A2002BDEB4 /* ScreenGrids-Prefix.pch */,
			);
			name = "Supporting Files";
			sourceTree = "<group>";
		};
		4B4574061504C1A3002BDEB4 /* ScreenGridsTests */ = {
			isa = PBXGroup;
			children = (
				4B45740C1504C1A3002BDEB4 /* ScreenGridsTests.h */,
				4B45740D1504C1A3002BDEB4 /* ScreenGridsTests.m */,
				4B4574071504C1A3002BDEB4 /* Supporting Files */,
			);
			path = ScreenGridsTests;
			sourceTree = "<group>";
		};
		4B4574071504C1A3002BDEB4 /* Supporting Files */ = {
			isa = PBXGroup;
			children = (
				4B4574081504C1A3002BDEB4 /* ScreenGridsTests-Info.plist */,
				4B4574091504C1A3002BDEB4 /* InfoPlist.strings */,
			);
			name = "Supporting Files";
			sourceTree = "<group>";
		};
		4B693C381535D808003DFB4E /* Lib */ = {
			isa = PBXGroup;
			children = (
				4B693C461535D858003DFB4E /* ShortcutRecorder */,
			);
			name = Lib;
			sourceTree = "<group>";
		};
		4B693C3A1535D84C003DFB4E /* Products */ = {
			isa = PBXGroup;
			children = (
				4B693C431535D84C003DFB4E /* ShortcutRecorder.framework */,
				4B693C451535D84C003DFB4E /* ShortcutRecorder.app */,
			);
			name = Products;
			sourceTree = "<group>";
		};
		4B693C461535D858003DFB4E /* ShortcutRecorder */ = {
			isa = PBXGroup;
			children = (
				4B693C4B1535D873003DFB4E /* Header */,
				4B693C391535D84C003DFB4E /* ShortcutRecorder.xcodeproj */,
			);
			name = ShortcutRecorder;
			sourceTree = "<group>";
		};
		4B693C4B1535D873003DFB4E /* Header */ = {
			isa = PBXGroup;
			children = (
				4B693C4D1535D896003DFB4E /* SRCommon.h */,
				4B693C4E1535D896003DFB4E /* SRKeyCodeTransformer.h */,
				4B693C4F1535D896003DFB4E /* SRRecorderCell.h */,
				4B693C501535D896003DFB4E /* SRRecorderControl.h */,
				4B693C511535D896003DFB4E /* SRValidator.h */,
			);
			name = Header;
			sourceTree = "<group>";
		};
		4B72E6241533061200A8E1B5 /* Logic */ = {
			isa = PBXGroup;
			children = (
				4B72E620153305FB00A8E1B5 /* DataComputing.h */,
				4B72E621153305FB00A8E1B5 /* DataComputing.m */,
			);
			name = Logic;
			sourceTree = "<group>";
		};
		4B948377152EA5110051DC12 /* UI */ = {
			isa = PBXGroup;
			children = (
				4B94837B152EA6030051DC12 /* SGMenuViewController.h */,
				4B94837C152EA6030051DC12 /* SGMenuViewController.m */,
				4B94837D152EA6030051DC12 /* SGMenuViewController.xib */,
				4BE0C6E4153533A400DB84D6 /* SGPreferencesViewController.h */,
				4BE0C6E5153533A400DB84D6 /* SGPreferencesViewController.m */,
				4BE0C6E6153533A400DB84D6 /* SGPreferencesViewController.xib */,
				4BE0C6DE1535336D00DB84D6 /* SGBackgroundViewController.h */,
				4BE0C6DF1535336D00DB84D6 /* SGBackgroundViewController.m */,
				4BE0C6E01535336D00DB84D6 /* SGBackgroundViewController.xib */,
			);
			name = UI;
			sourceTree = "<group>";
		};
		4B948380152EAE040051DC12 /* Resource */ = {
			isa = PBXGroup;
			children = (
				4B948381152EAE5F0051DC12 /* StatusBar.png */,
				4BFAB6671532B441008042BB /* Statusbar_alternate.png */,
				4B4573F21504C1A2002BDEB4 /* Credits.rtf */,
			);
			name = Resource;
			sourceTree = "<group>";
		};
/* End PBXGroup section */

/* Begin PBXNativeTarget section */
		4B4573DE1504C1A2002BDEB4 /* ScreenGrids */ = {
			isa = PBXNativeTarget;
			buildConfigurationList = 4B4574111504C1A3002BDEB4 /* Build configuration list for PBXNativeTarget "ScreenGrids" */;
			buildPhases = (
				4B4573DB1504C1A2002BDEB4 /* Sources */,
				4B4573DC1504C1A2002BDEB4 /* Frameworks */,
				4B4573DD1504C1A2002BDEB4 /* Resources */,
			);
			buildRules = (
			);
			dependencies = (
			);
			name = ScreenGrids;
			productName = ScreenGrids;
			productReference = 4B4573DF1504C1A2002BDEB4 /* ScreenGrids.app */;
			productType = "com.apple.product-type.application";
		};
		4B4573FF1504C1A3002BDEB4 /* ScreenGridsTests */ = {
			isa = PBXNativeTarget;
			buildConfigurationList = 4B4574141504C1A3002BDEB4 /* Build configuration list for PBXNativeTarget "ScreenGridsTests" */;
			buildPhases = (
				4B4573FB1504C1A3002BDEB4 /* Sources */,
				4B4573FC1504C1A3002BDEB4 /* Frameworks */,
				4B4573FD1504C1A3002BDEB4 /* Resources */,
				4B4573FE1504C1A3002BDEB4 /* ShellScript */,
			);
			buildRules = (
			);
			dependencies = (
				4B4574051504C1A3002BDEB4 /* PBXTargetDependency */,
			);
			name = ScreenGridsTests;
			productName = ScreenGridsTests;
			productReference = 4B4574001504C1A3002BDEB4 /* ScreenGridsTests.octest */;
			productType = "com.apple.product-type.bundle";
		};
/* End PBXNativeTarget section */

/* Begin PBXProject section */
		4B4573D61504C1A2002BDEB4 /* Project object */ = {
			isa = PBXProject;
			attributes = {
				LastUpgradeCheck = 0430;
				ORGANIZATIONNAME = "FileMaker,Inc";
			};
			buildConfigurationList = 4B4573D91504C1A2002BDEB4 /* Build configuration list for PBXProject "ScreenGrids" */;
			compatibilityVersion = "Xcode 3.2";
			developmentRegion = English;
			hasScannedForEncodings = 0;
			knownRegions = (
				en,
				de,
				el,
				fr,
				it,
				ja,
				ko,
				nb,
				nl,
				pl,
				"pt-BR",
				ro,
				sk,
				sv,
				th,
				"zh-Hans",
			);
			mainGroup = 4B4573D41504C1A2002BDEB4;
			productRefGroup = 4B4573E01504C1A2002BDEB4 /* Products */;
			projectDirPath = "";
			projectReferences = (
				{
					ProductGroup = 4B693C3A1535D84C003DFB4E /* Products */;
					ProjectRef = 4B693C391535D84C003DFB4E /* ShortcutRecorder.xcodeproj */;
				},
			);
			projectRoot = "";
			targets = (
				4B4573DE1504C1A2002BDEB4 /* ScreenGrids */,
				4B4573FF1504C1A3002BDEB4 /* ScreenGridsTests */,
			);
		};
/* End PBXProject section */

/* Begin PBXReferenceProxy section */
		4B693C431535D84C003DFB4E /* ShortcutRecorder.framework */ = {
			isa = PBXReferenceProxy;
			fileType = wrapper.framework;
			path = ShortcutRecorder.framework;
			remoteRef = 4B693C421535D84C003DFB4E /* PBXContainerItemProxy */;
			sourceTree = BUILT_PRODUCTS_DIR;
		};
		4B693C451535D84C003DFB4E /* ShortcutRecorder.app */ = {
			isa = PBXReferenceProxy;
			fileType = wrapper.application;
			path = ShortcutRecorder.app;
			remoteRef = 4B693C441535D84C003DFB4E /* PBXContainerItemProxy */;
			sourceTree = BUILT_PRODUCTS_DIR;
		};
/* End PBXReferenceProxy section */

/* Begin PBXResourcesBuildPhase section */
		4B4573DD1504C1A2002BDEB4 /* Resources */ = {
			isa = PBXResourcesBuildPhase;
			buildActionMask = 2147483647;
			files = (
				4B4573EE1504C1A2002BDEB4 /* InfoPlist.strings in Resources */,
				4B4573F41504C1A2002BDEB4 /* Credits.rtf in Resources */,
				4B4573FA1504C1A3002BDEB4 /* MainMenu.xib in Resources */,
				4B94837F152EA6030051DC12 /* SGMenuViewController.xib in Resources */,
				4B948382152EAE5F0051DC12 /* StatusBar.png in Resources */,
				4BFAB6681532B441008042BB /* Statusbar_alternate.png in Resources */,
				4BE0C6E21535336D00DB84D6 /* SGBackgroundViewController.xib in Resources */,
				4BE0C6E8153533A400DB84D6 /* SGPreferencesViewController.xib in Resources */,
			);
			runOnlyForDeploymentPostprocessing = 0;
		};
		4B4573FD1504C1A3002BDEB4 /* Resources */ = {
			isa = PBXResourcesBuildPhase;
			buildActionMask = 2147483647;
			files = (
				4B45740B1504C1A3002BDEB4 /* InfoPlist.strings in Resources */,
			);
			runOnlyForDeploymentPostprocessing = 0;
		};
/* End PBXResourcesBuildPhase section */

/* Begin PBXShellScriptBuildPhase section */
		4B4573FE1504C1A3002BDEB4 /* ShellScript */ = {
			isa = PBXShellScriptBuildPhase;
			buildActionMask = 2147483647;
			files = (
			);
			inputPaths = (
			);
			outputPaths = (
			);
			runOnlyForDeploymentPostprocessing = 0;
			shellPath = /bin/sh;
			shellScript = "# Run the unit tests in this test bundle.\n\"${SYSTEM_DEVELOPER_DIR}/Tools/RunUnitTests\"\n";
		};
/* End PBXShellScriptBuildPhase section */

/* Begin PBXSourcesBuildPhase section */
		4B4573DB1504C1A2002BDEB4 /* Sources */ = {
			isa = PBXSourcesBuildPhase;
			buildActionMask = 2147483647;
			files = (
				4B4573F01504C1A2002BDEB4 /* main.m in Sources */,
				4B4573F71504C1A2002BDEB4 /* ALAppDelegate.m in Sources */,
				4B94837E152EA6030051DC12 /* SGMenuViewController.m in Sources */,
				4B72E622153305FB00A8E1B5 /* DataComputing.m in Sources */,
				4BE0C6E11535336D00DB84D6 /* SGBackgroundViewController.m in Sources */,
				4BE0C6E7153533A400DB84D6 /* SGPreferencesViewController.m in Sources */,
			);
			runOnlyForDeploymentPostprocessing = 0;
		};
		4B4573FB1504C1A3002BDEB4 /* Sources */ = {
			isa = PBXSourcesBuildPhase;
			buildActionMask = 2147483647;
			files = (
				4B45740E1504C1A3002BDEB4 /* ScreenGridsTests.m in Sources */,
			);
			runOnlyForDeploymentPostprocessing = 0;
		};
/* End PBXSourcesBuildPhase section */

/* Begin PBXTargetDependency section */
		4B4574051504C1A3002BDEB4 /* PBXTargetDependency */ = {
			isa = PBXTargetDependency;
			target = 4B4573DE1504C1A2002BDEB4 /* ScreenGrids */;
			targetProxy = 4B4574041504C1A3002BDEB4 /* PBXContainerItemProxy */;
		};
/* End PBXTargetDependency section */

/* Begin PBXVariantGroup section */
		4B4573EC1504C1A2002BDEB4 /* InfoPlist.strings */ = {
			isa = PBXVariantGroup;
			children = (
				4B4573ED1504C1A2002BDEB4 /* en */,
			);
			name = InfoPlist.strings;
			sourceTree = "<group>";
		};
		4B4573F21504C1A2002BDEB4 /* Credits.rtf */ = {
			isa = PBXVariantGroup;
			children = (
				4B4573F31504C1A2002BDEB4 /* en */,
			);
			name = Credits.rtf;
			sourceTree = "<group>";
		};
		4B4573F81504C1A3002BDEB4 /* MainMenu.xib */ = {
			isa = PBXVariantGroup;
			children = (
				4B4573F91504C1A3002BDEB4 /* en */,
			);
			name = MainMenu.xib;
			sourceTree = "<group>";
		};
		4B4574091504C1A3002BDEB4 /* InfoPlist.strings */ = {
			isa = PBXVariantGroup;
			children = (
				4B45740A1504C1A3002BDEB4 /* en */,
			);
			name = InfoPlist.strings;
			sourceTree = "<group>";
		};
/* End PBXVariantGroup section */

/* Begin XCBuildConfiguration section */
		4B45740F1504C1A3002BDEB4 /* Debug */ = {
			isa = XCBuildConfiguration;
			buildSettings = {
				ALWAYS_SEARCH_USER_PATHS = NO;
				ARCHS = "$(ARCHS_STANDARD_64_BIT)";
				CLANG_ENABLE_OBJC_ARC = YES;
				COPY_PHASE_STRIP = NO;
				GCC_C_LANGUAGE_STANDARD = gnu99;
				GCC_DYNAMIC_NO_PIC = NO;
				GCC_ENABLE_OBJC_EXCEPTIONS = YES;
				GCC_OPTIMIZATION_LEVEL = 0;
				GCC_PREPROCESSOR_DEFINITIONS = (
					"DEBUG=1",
					"$(inherited)",
				);
				GCC_SYMBOLS_PRIVATE_EXTERN = NO;
				GCC_VERSION = com.apple.compilers.llvm.clang.1_0;
				GCC_WARN_64_TO_32_BIT_CONVERSION = YES;
				GCC_WARN_ABOUT_MISSING_PROTOTYPES = YES;
				GCC_WARN_ABOUT_RETURN_TYPE = YES;
				GCC_WARN_UNUSED_VARIABLE = YES;
				MACOSX_DEPLOYMENT_TARGET = 10.7;
				ONLY_ACTIVE_ARCH = YES;
				SDKROOT = macosx;
			};
			name = Debug;
		};
		4B4574101504C1A3002BDEB4 /* Release */ = {
			isa = XCBuildConfiguration;
			buildSettings = {
				ALWAYS_SEARCH_USER_PATHS = NO;
				ARCHS = "$(ARCHS_STANDARD_64_BIT)";
				CLANG_ENABLE_OBJC_ARC = YES;
				COPY_PHASE_STRIP = YES;
				DEBUG_INFORMATION_FORMAT = "dwarf-with-dsym";
				GCC_C_LANGUAGE_STANDARD = gnu99;
				GCC_ENABLE_OBJC_EXCEPTIONS = YES;
				GCC_VERSION = com.apple.compilers.llvm.clang.1_0;
				GCC_WARN_64_TO_32_BIT_CONVERSION = YES;
				GCC_WARN_ABOUT_MISSING_PROTOTYPES = YES;
				GCC_WARN_ABOUT_RETURN_TYPE = YES;
				GCC_WARN_UNUSED_VARIABLE = YES;
				MACOSX_DEPLOYMENT_TARGET = 10.7;
				SDKROOT = macosx;
			};
			name = Release;
		};
		4B4574121504C1A3002BDEB4 /* Debug */ = {
			isa = XCBuildConfiguration;
			buildSettings = {
				GCC_PRECOMPILE_PREFIX_HEADER = YES;
				GCC_PREFIX_HEADER = "ScreenGrids/ScreenGrids-Prefix.pch";
				INFOPLIST_FILE = "ScreenGrids/ScreenGrids-Info.plist";
				PRODUCT_NAME = "$(TARGET_NAME)";
				WRAPPER_EXTENSION = app;
			};
			name = Debug;
		};
		4B4574131504C1A3002BDEB4 /* Release */ = {
			isa = XCBuildConfiguration;
			buildSettings = {
				GCC_PRECOMPILE_PREFIX_HEADER = YES;
				GCC_PREFIX_HEADER = "ScreenGrids/ScreenGrids-Prefix.pch";
				INFOPLIST_FILE = "ScreenGrids/ScreenGrids-Info.plist";
				PRODUCT_NAME = "$(TARGET_NAME)";
				WRAPPER_EXTENSION = app;
			};
			name = Release;
		};
		4B4574151504C1A3002BDEB4 /* Debug */ = {
			isa = XCBuildConfiguration;
			buildSettings = {
				BUNDLE_LOADER = "$(BUILT_PRODUCTS_DIR)/ScreenGrids.app/Contents/MacOS/ScreenGrids";
				FRAMEWORK_SEARCH_PATHS = "$(DEVELOPER_LIBRARY_DIR)/Frameworks";
				GCC_PRECOMPILE_PREFIX_HEADER = YES;
				GCC_PREFIX_HEADER = "ScreenGrids/ScreenGrids-Prefix.pch";
				INFOPLIST_FILE = "ScreenGridsTests/ScreenGridsTests-Info.plist";
				PRODUCT_NAME = "$(TARGET_NAME)";
				TEST_HOST = "$(BUNDLE_LOADER)";
				WRAPPER_EXTENSION = octest;
			};
			name = Debug;
		};
		4B4574161504C1A3002BDEB4 /* Release */ = {
			isa = XCBuildConfiguration;
			buildSettings = {
				BUNDLE_LOADER = "$(BUILT_PRODUCTS_DIR)/ScreenGrids.app/Contents/MacOS/ScreenGrids";
				FRAMEWORK_SEARCH_PATHS = "$(DEVELOPER_LIBRARY_DIR)/Frameworks";
				GCC_PRECOMPILE_PREFIX_HEADER = YES;
				GCC_PREFIX_HEADER = "ScreenGrids/ScreenGrids-Prefix.pch";
				INFOPLIST_FILE = "ScreenGridsTests/ScreenGridsTests-Info.plist";
				PRODUCT_NAME = "$(TARGET_NAME)";
				TEST_HOST = "$(BUNDLE_LOADER)";
				WRAPPER_EXTENSION = octest;
			};
			name = Release;
		};
/* End XCBuildConfiguration section */

/* Begin XCConfigurationList section */
		4B4573D91504C1A2002BDEB4 /* Build configuration list for PBXProject "ScreenGrids" */ = {
			isa = XCConfigurationList;
			buildConfigurations = (
				4B45740F1504C1A3002BDEB4 /* Debug */,
				4B4574101504C1A3002BDEB4 /* Release */,
			);
			defaultConfigurationIsVisible = 0;
			defaultConfigurationName = Release;
		};
		4B4574111504C1A3002BDEB4 /* Build configuration list for PBXNativeTarget "ScreenGrids" */ = {
			isa = XCConfigurationList;
			buildConfigurations = (
				4B4574121504C1A3002BDEB4 /* Debug */,
				4B4574131504C1A3002BDEB4 /* Release */,
			);
			defaultConfigurationIsVisible = 0;
			defaultConfigurationName = Release;
		};
		4B4574141504C1A3002BDEB4 /* Build configuration list for PBXNativeTarget "ScreenGridsTests" */ = {
			isa = XCConfigurationList;
			buildConfigurations = (
				4B4574151504C1A3002BDEB4 /* Debug */,
				4B4574161504C1A3002BDEB4 /* Release */,
			);
			defaultConfigurationIsVisible = 0;
			defaultConfigurationName = Release;
		};
/* End XCConfigurationList section */
	};
	rootObject = 4B4573D61504C1A2002BDEB4 /* Project object */;
}
